
Microsoft Visual Studio Solution File, Format Version 12.00
# Visual Studio Version 17
VisualStudioVersion = 17.7.34031.279
MinimumVisualStudioVersion = 10.0.40219.1
Project("{FAE04EC0-301F-11D3-BF4B-00C04F79EFBC}") = "Steam(API)", "Steam(API).csproj", "{0E05B27E-FB62-45C7-8362-4E140DD3545A}"
EndProject
Global
	GlobalSection(SolutionConfigurationPlatforms) = preSolution
		Debug|Any CPU = Debug|Any CPU
		Release|Any CPU = Release|Any CPU
	EndGlobalSection
	GlobalSection(ProjectConfigurationPlatforms) = postSolution
		{0E05B27E-FB62-45C7-8362-4E140DD3545A}.Debug|Any CPU.ActiveCfg = Debug|Any CPU
		{0E05B27E-FB62-45C7-8362-4E140DD3545A}.Debug|Any CPU.Build.0 = Debug|Any CPU
		{0E05B27E-FB62-45C7-8362-4E140DD3545A}.Release|Any CPU.ActiveCfg = Release|Any CPU
		{0E05B27E-FB62-45C7-8362-4E140DD3545A}.Release|Any CPU.Build.0 = Release|Any CPU
	EndGlobalSection
	GlobalSection(SolutionProperties) = preSolution
		HideSolutionNode = FALSE
	EndGlobalSection
	GlobalSection(ExtensibilityGlobals) = postSolution
		SolutionGuid = {D82573EB-2C8C-414D-87C6-956CEB691119}
	EndGlobalSection
EndGlobal
